
Microsoft Visual Studio Solution File, Format Version 12.00
Project("{FAE04EC0-301F-11D3-BF4B-00C04F79EFBC}") = "NxLauncher", "NxLauncher\NxLauncher.csproj", "{E2052FC6-8650-437B-BF70-0753993BBB53}"
EndProject
Global
	GlobalSection(SolutionConfigurationPlatforms) = preSolution
		Debug|Any CPU = Debug|Any CPU
		Release|Any CPU = Release|Any CPU
	EndGlobalSection
	GlobalSection(ProjectConfigurationPlatforms) = postSolution
		{E2052FC6-8650-437B-BF70-0753993BBB53}.Debug|Any CPU.ActiveCfg = Debug|Any CPU
		{E2052FC6-8650-437B-BF70-0753993BBB53}.Debug|Any CPU.Build.0 = Debug|Any CPU
		{E2052FC6-8650-437B-BF70-0753993BBB53}.Release|Any CPU.ActiveCfg = Release|Any CPU
		{E2052FC6-8650-437B-BF70-0753993BBB53}.Release|Any CPU.Build.0 = Release|Any CPU
	EndGlobalSection
EndGlobal
